
Microsoft Visual Studio Solution File, Format Version 12.00
# Visual Studio Version 16
VisualStudioVersion = 16.0.29613.14
MinimumVisualStudioVersion = 10.0.40219.1
Project("{9A19103F-16F7-4668-BE54-9A1E7A4F7556}") = "MyProject.Specs", "MyProject.Specs\MyProject.Specs.csproj", "{AD483474-AE76-4B38-A2A7-6197ADA06CAA}"
EndProject
Project("{FAE04EC0-301F-11D3-BF4B-00C04F79EFBC}") = "Example", "Example\Example.csproj", "{F4DBC236-9B74-4F0B-8016-7408102719A5}"
EndProject
Global
	GlobalSection(SolutionConfigurationPlatforms) = preSolution
		Debug|Any CPU = Debug|Any CPU
		Release|Any CPU = Release|Any CPU
	EndGlobalSection
	GlobalSection(ProjectConfigurationPlatforms) = postSolution
		{AD483474-AE76-4B38-A2A7-6197ADA06CAA}.Debug|Any CPU.ActiveCfg = Debug|Any CPU
		{AD483474-AE76-4B38-A2A7-6197ADA06CAA}.Debug|Any CPU.Build.0 = Debug|Any CPU
		{AD483474-AE76-4B38-A2A7-6197ADA06CAA}.Release|Any CPU.ActiveCfg = Release|Any CPU
		{AD483474-AE76-4B38-A2A7-6197ADA06CAA}.Release|Any CPU.Build.0 = Release|Any CPU
		{F4DBC236-9B74-4F0B-8016-7408102719A5}.Debug|Any CPU.ActiveCfg = Debug|Any CPU
		{F4DBC236-9B74-4F0B-8016-7408102719A5}.Debug|Any CPU.Build.0 = Debug|Any CPU
		{F4DBC236-9B74-4F0B-8016-7408102719A5}.Release|Any CPU.ActiveCfg = Release|Any CPU
		{F4DBC236-9B74-4F0B-8016-7408102719A5}.Release|Any CPU.Build.0 = Release|Any CPU
	EndGlobalSection
	GlobalSection(SolutionProperties) = preSolution
		HideSolutionNode = FALSE
	EndGlobalSection
	GlobalSection(ExtensibilityGlobals) = postSolution
		SolutionGuid = {44EFA1ED-01F0-41B0-86A3-922472C309FC}
	EndGlobalSection
EndGlobal
